
Microsoft Visual Studio Solution File, Format Version 12.00
# Visual Studio 15
VisualStudioVersion = 15.0.26730.16
MinimumVisualStudioVersion = 10.0.40219.1
Project("{FAE04EC0-301F-11D3-BF4B-00C04F79EFBC}") = "ComicBookGallery", "ComicBookGallery\ComicBookGallery.csproj", "{BB5D80AE-3DB6-4285-8F2C-A7005016C6EB}"
EndProject
Global
	GlobalSection(SolutionConfigurationPlatforms) = preSolution
		Debug|Any CPU = Debug|Any CPU
		Release|Any CPU = Release|Any CPU
	EndGlobalSection
	GlobalSection(ProjectConfigurationPlatforms) = postSolution
		{BB5D80AE-3DB6-4285-8F2C-A7005016C6EB}.Debug|Any CPU.ActiveCfg = Debug|Any CPU
		{BB5D80AE-3DB6-4285-8F2C-A7005016C6EB}.Debug|Any CPU.Build.0 = Debug|Any CPU
		{BB5D80AE-3DB6-4285-8F2C-A7005016C6EB}.Release|Any CPU.ActiveCfg = Release|Any CPU
		{BB5D80AE-3DB6-4285-8F2C-A7005016C6EB}.Release|Any CPU.Build.0 = Release|Any CPU
	EndGlobalSection
	GlobalSection(SolutionProperties) = preSolution
		HideSolutionNode = FALSE
	EndGlobalSection
	GlobalSection(ExtensibilityGlobals) = postSolution
		SolutionGuid = {41199057-64D6-4A29-BEC5-A3669EDEF507}
	EndGlobalSection
EndGlobal
